
Microsoft Visual Studio Solution File, Format Version 12.00
# Visual Studio Version 17
VisualStudioVersion = 17.8.34511.84
MinimumVisualStudioVersion = 10.0.40219.1
Project("{FAE04EC0-301F-11D3-BF4B-00C04F79EFBC}") = "ReactWithAspNetCore.Server", "ReactWithAspNetCore.Server\ReactWithAspNetCore.Server.csproj", "{D49BE1EB-BFA5-4EB1-B026-BFA1DA63F4A5}"
EndProject
Project("{54A90642-561A-4BB1-A94E-469ADEE60C69}") = "reactwithaspnetcore.client", "reactwithaspnetcore.client\reactwithaspnetcore.client.esproj", "{59D94CD3-B224-478C-88AF-251CCA566991}"
EndProject
Global
	GlobalSection(SolutionConfigurationPlatforms) = preSolution
		Debug|Any CPU = Debug|Any CPU
		Release|Any CPU = Release|Any CPU
	EndGlobalSection
	GlobalSection(ProjectConfigurationPlatforms) = postSolution
		{D49BE1EB-BFA5-4EB1-B026-BFA1DA63F4A5}.Debug|Any CPU.ActiveCfg = Debug|Any CPU
		{D49BE1EB-BFA5-4EB1-B026-BFA1DA63F4A5}.Debug|Any CPU.Build.0 = Debug|Any CPU
		{D49BE1EB-BFA5-4EB1-B026-BFA1DA63F4A5}.Release|Any CPU.ActiveCfg = Release|Any CPU
		{D49BE1EB-BFA5-4EB1-B026-BFA1DA63F4A5}.Release|Any CPU.Build.0 = Release|Any CPU
		{59D94CD3-B224-478C-88AF-251CCA566991}.Debug|Any CPU.ActiveCfg = Debug|Any CPU
		{59D94CD3-B224-478C-88AF-251CCA566991}.Debug|Any CPU.Build.0 = Debug|Any CPU
		{59D94CD3-B224-478C-88AF-251CCA566991}.Debug|Any CPU.Deploy.0 = Debug|Any CPU
		{59D94CD3-B224-478C-88AF-251CCA566991}.Release|Any CPU.ActiveCfg = Release|Any CPU
		{59D94CD3-B224-478C-88AF-251CCA566991}.Release|Any CPU.Build.0 = Release|Any CPU
		{59D94CD3-B224-478C-88AF-251CCA566991}.Release|Any CPU.Deploy.0 = Release|Any CPU
	EndGlobalSection
	GlobalSection(SolutionProperties) = preSolution
		HideSolutionNode = FALSE
	EndGlobalSection
	GlobalSection(ExtensibilityGlobals) = postSolution
		SolutionGuid = {BE9C6D96-2F51-40A1-80D0-5DD66DC336DC}
	EndGlobalSection
EndGlobal
